# THIS IS AN AUTOGENERATED FILE. DO NOT EDIT THIS FILE DIRECTLY.
# yarn lockfile v1


big-integer@^1.6.23:
  version "1.6.23"
  resolved "https://registry.yarnpkg.com/big-integer/-/big-integer-1.6.23.tgz#e85d508220c74e3f43a4ce72eed51f3da4db94d1"

random-js@^1.0.8:
  version "1.0.8"
  resolved "https://registry.yarnpkg.com/random-js/-/random-js-1.0.8.tgz#968fd689a6f25d6c0aac766283de2f688c9c190a"
