# THIS IS AN AUTOGENERATED FILE. DO NOT EDIT THIS FILE DIRECTLY.
# yarn lockfile v1


big-integer@^1.6.23:
  version "1.6.23"
  resolved "https://registry.yarnpkg.com/big-integer/-/big-integer-1.6.23.tgz#e85d508220c74e3f43a4ce72eed51f3da4db94d1"

imurmurhash@^0.1.4:
  version "0.1.4"
  resolved "https://registry.yarnpkg.com/imurmurhash/-/imurmurhash-0.1.4.tgz#9218b9b2b928a238b13dc4fb6b6d576f231453ea"

left-pad@^1.1.3:
  version "1.1.3"
  resolved "https://registry.yarnpkg.com/left-pad/-/left-pad-1.1.3.tgz#612f61c033f3a9e08e939f1caebeea41b6f3199a"

random-js@^1.0.8:
  version "1.0.8"
  resolved "https://registry.yarnpkg.com/random-js/-/random-js-1.0.8.tgz#968fd689a6f25d6c0aac766283de2f688c9c190a"

urlsafe-base64@^1.0.0:
  version "1.0.0"
  resolved "https://registry.yarnpkg.com/urlsafe-base64/-/urlsafe-base64-1.0.0.tgz#23f89069a6c62f46cf3a1d3b00169cefb90be0c6"
